<?xml version="1.0" encoding="utf-8"?>
<Project ToolsVersion="4.0" xmlns="http://schemas.microsoft.com/developer/msbuild/2003">
  <ItemGroup>
    <Filter Include="Source Files">
      <UniqueIdentifier>{4FC737F1-C7A5-4376-A066-2A32D752A2FF}</UniqueIdentifier>
      <Extensions>cpp;c;cxx;def;odl;idl;hpj;bat;asm;asmx</Extensions>
    </Filter>
    <Filter Include="Header Files">
      <UniqueIdentifier>{93995380-89BD-4b04-88EB-625FBE52EBFB}</UniqueIdentifier>
      <Extensions>h;hpp;hxx;hm;inl;inc;xsd</Extensions>
    </Filter>
    <Filter Include="Resource Files">
      <UniqueIdentifier>{67DA6AB6-F800-4c08-8B7A-83BB121AAD01}</UniqueIdentifier>
      <Extensions>rc;ico;cur;bmp;dlg;rc2;rct;bin;rgs;gif;jpg;jpeg;jpe;resx</Extensions>
    </Filter>
    <Filter Include="Source Files\Engine">
      <UniqueIdentifier>{00eefe48-30dd-43e6-a836-0e142539a5ef}</UniqueIdentifier>
    </Filter>
    <Filter Include="Header Files\Engine">
      <UniqueIdentifier>{500a8431-63c0-422f-bca3-bca97f3ff475}</UniqueIdentifier>
    </Filter>
    <Filter Include="Header Files\Npp">
      <UniqueIdentifier>{5c61f724-bfdd-47ac-9847-3134a5162e3f}</UniqueIdentifier>
    </Filter>
    <Filter Include="Header Files\GUI">
      <UniqueIdentifier>{1bde6e42-1e3d-4716-af5b-5ac2285af3a2}</UniqueIdentifier>
    </Filter>
    <Filter Include="Source Files\GUI">
      <UniqueIdentifier>{dcad65ed-4c34-4bb9-8741-44412887740b}</UniqueIdentifier>
    </Filter>
    <Filter Include="Source Files\Npp">
      <UniqueIdentifier>{798b060f-09fd-47fc-9d55-0b7bc0e68a59}</UniqueIdentifier>
    </Filter>
    <Filter Include="Header Files\Framework">
      <UniqueIdentifier>{f3fc9be3-8982-4726-9e53-851c8e914be4}</UniqueIdentifier>
    </Filter>
    <Filter Include="Source Files\Framework">
      <UniqueIdentifier>{ee462c98-2957-4fbc-b278-0f31cc9d295e}</UniqueIdentifier>
    </Filter>
  </ItemGroup>
  <ItemGroup>
    <ClCompile Include="pch.cpp">
      <Filter>Source Files</Filter>
    </ClCompile>
    <ClCompile Include="PluginCore.cpp">
      <Filter>Source Files\Npp</Filter>
    </ClCompile>
    <ClCompile Include="main.cpp">
      <Filter>Source Files</Filter>
    </ClCompile>
    <ClCompile Include="Constants.cpp">
      <Filter>Source Files\Framework</Filter>
    </ClCompile>
    <ClCompile Include="Exceptions.cpp">
      <Filter>Source Files\Framework</Filter>
    </ClCompile>
  </ItemGroup>
  <ItemGroup>
    <ClInclude Include="common.h">
      <Filter>Header Files</Filter>
    </ClInclude>
    <ClInclude Include="menuCmdID.h">
      <Filter>Header Files\Npp</Filter>
    </ClInclude>
    <ClInclude Include="Notepad_plus_msgs.h">
      <Filter>Header Files\Npp</Filter>
    </ClInclude>
    <ClInclude Include="PluginInterface.h">
      <Filter>Header Files\Npp</Filter>
    </ClInclude>
    <ClInclude Include="resource.h">
      <Filter>Header Files\GUI</Filter>
    </ClInclude>
    <ClInclude Include="Scintilla.h">
      <Filter>Header Files\Npp</Filter>
    </ClInclude>
    <ClInclude Include="Singleton.h">
      <Filter>Header Files\Framework</Filter>
    </ClInclude>
    <ClInclude Include="SingletonImpl.h">
      <Filter>Header Files\Framework</Filter>
    </ClInclude>
    <ClInclude Include="PluginCore.h">
      <Filter>Header Files\Npp</Filter>
    </ClInclude>
    <ClInclude Include="Exceptions.h">
      <Filter>Header Files\Framework</Filter>
    </ClInclude>
    <ClInclude Include="Constants.h">
      <Filter>Header Files\Framework</Filter>
    </ClInclude>
    <ClInclude Include="Types.h">
      <Filter>Header Files\Framework</Filter>
    </ClInclude>
  </ItemGroup>
</Project>